<?xml version="1.0" encoding="utf-8"?>
<Project ToolsVersion="4.0" xmlns="http://schemas.microsoft.com/developer/msbuild/2003">
  <ItemGroup>
    <Filter Include="ソース ファイル">
      <UniqueIdentifier>{4FC737F1-C7A5-4376-A066-2A32D752A2FF}</UniqueIdentifier>
      <Extensions>cpp;c;cc;cxx;c++;cppm;ixx;def;odl;idl;hpj;bat;asm;asmx</Extensions>
    </Filter>
    <Filter Include="ヘッダー ファイル">
      <UniqueIdentifier>{93995380-89BD-4b04-88EB-625FBE52EBFB}</UniqueIdentifier>
      <Extensions>h;hh;hpp;hxx;h++;hm;inl;inc;ipp;xsd</Extensions>
    </Filter>
    <Filter Include="リソース ファイル">
      <UniqueIdentifier>{67DA6AB6-F800-4c08-8B7A-83BB121AAD01}</UniqueIdentifier>
      <Extensions>rc;ico;cur;bmp;dlg;rc2;rct;bin;rgs;gif;jpg;jpeg;jpe;resx;tiff;tif;png;wav;mfcribbon-ms</Extensions>
    </Filter>
    <Filter Include="ソース ファイル\Common">
      <UniqueIdentifier>{17ec0d9e-75f5-4c6a-bf50-14b624aaa46c}</UniqueIdentifier>
    </Filter>
    <Filter Include="ソース ファイル\System">
      <UniqueIdentifier>{1e91043e-3d44-4c54-8ffa-cb1fc6d9b872}</UniqueIdentifier>
    </Filter>
    <Filter Include="ソース ファイル\System\Manager">
      <UniqueIdentifier>{9fe85b1d-4924-4c44-9183-cc2b9c60b696}</UniqueIdentifier>
    </Filter>
    <Filter Include="ソース ファイル\System\Manager\Scenes">
      <UniqueIdentifier>{71ffc74c-3a48-405b-9449-cf3ac627fa04}</UniqueIdentifier>
    </Filter>
    <Filter Include="ソース ファイル\Common\Constants">
      <UniqueIdentifier>{091ed783-43bc-4937-89cc-479d5142ff98}</UniqueIdentifier>
    </Filter>
    <Filter Include="ソース ファイル\Common\BaseClass">
      <UniqueIdentifier>{ec033f59-2101-4b07-8488-89b1efb7f199}</UniqueIdentifier>
    </Filter>
    <Filter Include="ソース ファイル\Common\ECS">
      <UniqueIdentifier>{30ad95f8-c38a-46a4-8244-5989da6fb360}</UniqueIdentifier>
    </Filter>
    <Filter Include="ソース ファイル\Common\Interface">
      <UniqueIdentifier>{f5e4ae4d-09cf-48be-b759-b945377bb10e}</UniqueIdentifier>
    </Filter>
    <Filter Include="ソース ファイル\Common\BaseClass\SceneBase">
      <UniqueIdentifier>{0d481948-8e47-4001-a6f5-564ba58f5bbe}</UniqueIdentifier>
    </Filter>
  </ItemGroup>
  <ItemGroup>
    <ClCompile Include="Source\Main.cpp">
      <Filter>ソース ファイル</Filter>
    </ClCompile>
    <ClCompile Include="Source\System\ApplicationManager.cpp">
      <Filter>ソース ファイル\System\Manager</Filter>
    </ClCompile>
    <ClCompile Include="Source\System\ObjectManager.cpp">
      <Filter>ソース ファイル\System\Manager</Filter>
    </ClCompile>
    <ClCompile Include="Source\System\TimeManager.cpp">
      <Filter>ソース ファイル\System\Manager</Filter>
    </ClCompile>
    <ClCompile Include="Source\System\ResourceManager.cpp">
      <Filter>ソース ファイル\System\Manager</Filter>
    </ClCompile>
    <ClCompile Include="Source\System\InputManager.cpp">
      <Filter>ソース ファイル\System\Manager</Filter>
    </ClCompile>
    <ClCompile Include="Source\System\SceneManager.cpp">
      <Filter>ソース ファイル\System\Manager</Filter>
    </ClCompile>
    <ClCompile Include="Source\Common\ECS\SparseSet.cpp">
      <Filter>ソース ファイル\Common\ECS</Filter>
    </ClCompile>
    <ClCompile Include="Source\Common\BaseClass\SceneBase\SceneBase.cpp">
      <Filter>ソース ファイル\Common\BaseClass\SceneBase</Filter>
    </ClCompile>
  </ItemGroup>
  <ItemGroup>
    <ClInclude Include="Source\System\ApplicationManager.h">
      <Filter>ソース ファイル\System\Manager</Filter>
    </ClInclude>
    <ClInclude Include="Source\System\ObjectManager.h">
      <Filter>ソース ファイル\System\Manager</Filter>
    </ClInclude>
    <ClInclude Include="Source\System\TimeManager.h">
      <Filter>ソース ファイル\System\Manager</Filter>
    </ClInclude>
    <ClInclude Include="Source\System\ResourceManager.h">
      <Filter>ソース ファイル\System\Manager</Filter>
    </ClInclude>
    <ClInclude Include="Source\System\InputManager.h">
      <Filter>ソース ファイル\System\Manager</Filter>
    </ClInclude>
    <ClInclude Include="Source\Common\Constants\BaseConstants.h">
      <Filter>ソース ファイル\Common\Constants</Filter>
    </ClInclude>
    <ClInclude Include="Source\Common\Constants\SceneConstants.h">
      <Filter>ソース ファイル\Common\Constants</Filter>
    </ClInclude>
    <ClInclude Include="Source\Common\BaseClass\ObjectBase.h">
      <Filter>ソース ファイル\Common\BaseClass</Filter>
    </ClInclude>
    <ClInclude Include="Source\System\SceneManager.h">
      <Filter>ソース ファイル\System\Manager</Filter>
    </ClInclude>
    <ClInclude Include="Source\Common\BaseClass\SystemBase.h">
      <Filter>ソース ファイル\Common\BaseClass</Filter>
    </ClInclude>
    <ClInclude Include="Source\Common\ECS\SparseSet.h">
      <Filter>ソース ファイル\Common\ECS</Filter>
    </ClInclude>
    <ClInclude Include="Source\Common\BaseClass\StorageBase.h">
      <Filter>ソース ファイル\Common\BaseClass</Filter>
    </ClInclude>
    <ClInclude Include="Source\Common\BaseClass\ComponentBase.h">
      <Filter>ソース ファイル\Common\BaseClass</Filter>
    </ClInclude>
    <ClInclude Include="Source\Common\Interface\IWorld.h">
      <Filter>ソース ファイル\Common\Interface</Filter>
    </ClInclude>
    <ClInclude Include="Source\Common\ECS\ComponentStorage.h">
      <Filter>ソース ファイル\Common\ECS</Filter>
    </ClInclude>
    <ClInclude Include="Source\Common\BaseClass\SceneBase\SceneBase.h">
      <Filter>ソース ファイル\Common\BaseClass\SceneBase</Filter>
    </ClInclude>
  </ItemGroup>
</Project>