<?xml version="1.0" encoding="utf-8"?>
<Project ToolsVersion="4.0" xmlns="http://schemas.microsoft.com/developer/msbuild/2003">
  <ItemGroup>
    <Filter Include="ソース ファイル">
      <UniqueIdentifier>{4FC737F1-C7A5-4376-A066-2A32D752A2FF}</UniqueIdentifier>
      <Extensions>cpp;c;cc;cxx;c++;cppm;ixx;def;odl;idl;hpj;bat;asm;asmx</Extensions>
    </Filter>
    <Filter Include="ヘッダー ファイル">
      <UniqueIdentifier>{93995380-89BD-4b04-88EB-625FBE52EBFB}</UniqueIdentifier>
      <Extensions>h;hh;hpp;hxx;h++;hm;inl;inc;ipp;xsd</Extensions>
    </Filter>
    <Filter Include="リソース ファイル">
      <UniqueIdentifier>{67DA6AB6-F800-4c08-8B7A-83BB121AAD01}</UniqueIdentifier>
      <Extensions>rc;ico;cur;bmp;dlg;rc2;rct;bin;rgs;gif;jpg;jpeg;jpe;resx;tiff;tif;png;wav;mfcribbon-ms</Extensions>
    </Filter>
    <Filter Include="ソース ファイル\Common">
      <UniqueIdentifier>{17ec0d9e-75f5-4c6a-bf50-14b624aaa46c}</UniqueIdentifier>
    </Filter>
    <Filter Include="ソース ファイル\System">
      <UniqueIdentifier>{1e91043e-3d44-4c54-8ffa-cb1fc6d9b872}</UniqueIdentifier>
    </Filter>
    <Filter Include="ソース ファイル\System\Manager">
      <UniqueIdentifier>{9fe85b1d-4924-4c44-9183-cc2b9c60b696}</UniqueIdentifier>
    </Filter>
    <Filter Include="ソース ファイル\System\Manager\Scenes">
      <UniqueIdentifier>{71ffc74c-3a48-405b-9449-cf3ac627fa04}</UniqueIdentifier>
    </Filter>
    <Filter Include="ソース ファイル\Common\Constants">
      <UniqueIdentifier>{091ed783-43bc-4937-89cc-479d5142ff98}</UniqueIdentifier>
    </Filter>
    <Filter Include="ソース ファイル\Common\BaseClass">
      <UniqueIdentifier>{ec033f59-2101-4b07-8488-89b1efb7f199}</UniqueIdentifier>
    </Filter>
    <Filter Include="ソース ファイル\Common\ECS">
      <UniqueIdentifier>{30ad95f8-c38a-46a4-8244-5989da6fb360}</UniqueIdentifier>
    </Filter>
    <Filter Include="ソース ファイル\Common\Interface">
      <UniqueIdentifier>{f5e4ae4d-09cf-48be-b759-b945377bb10e}</UniqueIdentifier>
    </Filter>
    <Filter Include="ソース ファイル\Common\BaseClass\SceneBase">
      <UniqueIdentifier>{0d481948-8e47-4001-a6f5-564ba58f5bbe}</UniqueIdentifier>
    </Filter>
    <Filter Include="ソース ファイル\Common\Math">
      <UniqueIdentifier>{fa80ef07-90f2-47ed-9f82-4d8ff1d5b155}</UniqueIdentifier>
    </Filter>
    <Filter Include="ソース ファイル\Common\Math\Vector">
      <UniqueIdentifier>{3cd80778-3b80-4112-be4c-44ec12cc3013}</UniqueIdentifier>
    </Filter>
    <Filter Include="ソース ファイル\Common\Math\Vector\SIMD">
      <UniqueIdentifier>{95b53199-0472-4e67-b1f7-050a94b1fc24}</UniqueIdentifier>
    </Filter>
    <Filter Include="ソース ファイル\Common\Math\Vector\Vector2">
      <UniqueIdentifier>{89923775-2373-4998-80f4-f4cc9191e24e}</UniqueIdentifier>
    </Filter>
    <Filter Include="ソース ファイル\Common\Math\Vector\Vector3">
      <UniqueIdentifier>{f499bf06-1c4a-41e7-bac0-40116546b170}</UniqueIdentifier>
    </Filter>
    <Filter Include="ソース ファイル\Common\Math\Matrix">
      <UniqueIdentifier>{f4932471-26f6-4f22-bba2-7d2edd4facd7}</UniqueIdentifier>
    </Filter>
    <Filter Include="ソース ファイル\Common\Math\Quaternion">
      <UniqueIdentifier>{c00ef1b2-9f44-4ad3-bfd3-6b1ac6ef6fa4}</UniqueIdentifier>
    </Filter>
    <Filter Include="ソース ファイル\Common\Math\Transform">
      <UniqueIdentifier>{09773b37-87f6-417f-b130-83aebe516ee0}</UniqueIdentifier>
    </Filter>
    <Filter Include="ソース ファイル\System\ComponentSystem">
      <UniqueIdentifier>{73298b36-b8f0-446a-9ba7-8e290e4b06de}</UniqueIdentifier>
    </Filter>
    <Filter Include="ソース ファイル\System\ComponentStorage">
      <UniqueIdentifier>{ff6994a5-0d9b-43c9-9a08-aa8f7a25b05d}</UniqueIdentifier>
    </Filter>
    <Filter Include="ソース ファイル\System\Components">
      <UniqueIdentifier>{54506658-5fe2-4830-ac9b-c29613297c3c}</UniqueIdentifier>
    </Filter>
    <Filter Include="ソース ファイル\System\Adapter">
      <UniqueIdentifier>{432edb92-0af0-4a2f-be9a-2a5a30b74805}</UniqueIdentifier>
    </Filter>
    <Filter Include="ソース ファイル\System\Adapter\Dxlib">
      <UniqueIdentifier>{4f7f0f70-669b-4f62-b59d-77b25690c1d2}</UniqueIdentifier>
    </Filter>
    <Filter Include="ソース ファイル\Objects">
      <UniqueIdentifier>{ed8f9155-6f7a-48a4-85bc-9f320f32f0ad}</UniqueIdentifier>
    </Filter>
    <Filter Include="ソース ファイル\System\VFX">
      <UniqueIdentifier>{2436c935-254a-4bd6-a7eb-154dfd5ebf4d}</UniqueIdentifier>
    </Filter>
    <Filter Include="ソース ファイル\System\VFX\Instance">
      <UniqueIdentifier>{cac304b1-b1d4-42d8-b112-0142421eb0c4}</UniqueIdentifier>
    </Filter>
    <Filter Include="ソース ファイル\System\VFX\Storage">
      <UniqueIdentifier>{4040a4ff-0c46-4c7d-a95c-145d7a6aa688}</UniqueIdentifier>
    </Filter>
    <Filter Include="ソース ファイル\System\VFX\System">
      <UniqueIdentifier>{e1d950a7-4163-4df1-a4d5-668c7c626b76}</UniqueIdentifier>
    </Filter>
    <Filter Include="ソース ファイル\System\VFX\Asset">
      <UniqueIdentifier>{a3467213-ac23-4417-ad65-f58e1c5e0555}</UniqueIdentifier>
    </Filter>
    <Filter Include="ソース ファイル\System\VFX\Shader">
      <UniqueIdentifier>{08bbaf55-198a-49c7-a266-e768b1566648}</UniqueIdentifier>
    </Filter>
    <Filter Include="ソース ファイル\System\VFX\Instance\Emitter">
      <UniqueIdentifier>{39d51c68-39f6-44b3-88c6-e3c9c221c457}</UniqueIdentifier>
    </Filter>
    <Filter Include="ソース ファイル\System\VFX\Instance\Module">
      <UniqueIdentifier>{2ea426d3-128c-437f-8821-38680b6e6999}</UniqueIdentifier>
    </Filter>
    <Filter Include="ソース ファイル\System\VFX\Storage\Buffer">
      <UniqueIdentifier>{dc866810-c7fb-4766-b93d-f282b8b38cb2}</UniqueIdentifier>
    </Filter>
    <Filter Include="ソース ファイル\System\VFX\Storage\Allocator">
      <UniqueIdentifier>{661437c9-36d8-4563-9aeb-da93312a304f}</UniqueIdentifier>
    </Filter>
  </ItemGroup>
  <ItemGroup>
    <ClCompile Include="Source\Main.cpp">
      <Filter>ソース ファイル</Filter>
    </ClCompile>
    <ClCompile Include="Source\System\ApplicationManager.cpp">
      <Filter>ソース ファイル\System\Manager</Filter>
    </ClCompile>
    <ClCompile Include="Source\System\ObjectManager.cpp">
      <Filter>ソース ファイル\System\Manager</Filter>
    </ClCompile>
    <ClCompile Include="Source\System\TimeManager.cpp">
      <Filter>ソース ファイル\System\Manager</Filter>
    </ClCompile>
    <ClCompile Include="Source\System\ResourceManager.cpp">
      <Filter>ソース ファイル\System\Manager</Filter>
    </ClCompile>
    <ClCompile Include="Source\System\SceneManager.cpp">
      <Filter>ソース ファイル\System\Manager</Filter>
    </ClCompile>
    <ClCompile Include="Source\Common\BaseClass\SceneBase\SceneBase.cpp">
      <Filter>ソース ファイル\Common\BaseClass\SceneBase</Filter>
    </ClCompile>
    <ClCompile Include="Source\Common\Math\Vector\SIMD\SIMDVectorMath.cpp">
      <Filter>ソース ファイル\Common\Math\Vector\SIMD</Filter>
    </ClCompile>
    <ClCompile Include="Source\Common\Math\Vector\Vector2\Vector2.cpp">
      <Filter>ソース ファイル\Common\Math\Vector\Vector2</Filter>
    </ClCompile>
    <ClCompile Include="Source\Common\Math\Vector\Vector2\Vector2Int.cpp">
      <Filter>ソース ファイル\Common\Math\Vector\Vector2</Filter>
    </ClCompile>
    <ClCompile Include="Source\Common\Math\Vector\Vector3\Vector3.cpp">
      <Filter>ソース ファイル\Common\Math\Vector\Vector3</Filter>
    </ClCompile>
    <ClCompile Include="Source\Common\Math\Vector\Vector3\Vector3Int.cpp">
      <Filter>ソース ファイル\Common\Math\Vector\Vector3</Filter>
    </ClCompile>
    <ClCompile Include="Source\Common\Math\Matrix\MatGenerateFunc.cpp">
      <Filter>ソース ファイル\Common\Math\Matrix</Filter>
    </ClCompile>
    <ClCompile Include="Source\Common\Math\Matrix\Matrix.cpp">
      <Filter>ソース ファイル\Common\Math\Matrix</Filter>
    </ClCompile>
    <ClCompile Include="Source\Common\Math\Quaternion\Quaternion.cpp">
      <Filter>ソース ファイル\Common\Math\Quaternion</Filter>
    </ClCompile>
    <ClCompile Include="Source\Common\Math\Transform\Transform.cpp">
      <Filter>ソース ファイル\Common\Math\Transform</Filter>
    </ClCompile>
    <ClCompile Include="Source\System\Scenes\DebugScene.cpp">
      <Filter>ソース ファイル\System\Manager\Scenes</Filter>
    </ClCompile>
    <ClCompile Include="Source\System\Adapter\Dxlib\DxlibRenderer.cpp">
      <Filter>ソース ファイル\System\Adapter\Dxlib</Filter>
    </ClCompile>
    <ClCompile Include="Source\System\Adapter\Dxlib\DxlibInput.cpp">
      <Filter>ソース ファイル\System\Adapter\Dxlib</Filter>
    </ClCompile>
    <ClCompile Include="Source\System\Adapter\Dxlib\DxlibSystem.cpp">
      <Filter>ソース ファイル\System\Adapter\Dxlib</Filter>
    </ClCompile>
    <ClCompile Include="Source\System\VFX\Storage\Allocator\LinearAllocator.cpp">
      <Filter>ソース ファイル\System\VFX\Storage\Allocator</Filter>
    </ClCompile>
    <ClCompile Include="Source\System\VFX\System\BufferManager.cpp">
      <Filter>ソース ファイル\System\VFX\System</Filter>
    </ClCompile>
    <ClCompile Include="Source\System\VFX\System\SimulatePipeline.cpp">
      <Filter>ソース ファイル\System\VFX\System</Filter>
    </ClCompile>
    <ClCompile Include="Source\System\ComponentSystem\ModelRenderringSystem.cpp">
      <Filter>ソース ファイル\System\ComponentSystem</Filter>
    </ClCompile>
    <ClCompile Include="Source\System\VFX\System\RenderingPipeline.cpp">
      <Filter>ソース ファイル\System\VFX\System</Filter>
    </ClCompile>
    <ClCompile Include="Source\System\VFX\VFXWorld.cpp">
      <Filter>ソース ファイル\System\VFX</Filter>
    </ClCompile>
  </ItemGroup>
  <ItemGroup>
    <ClInclude Include="Source\System\ApplicationManager.h">
      <Filter>ソース ファイル\System\Manager</Filter>
    </ClInclude>
    <ClInclude Include="Source\System\ObjectManager.h">
      <Filter>ソース ファイル\System\Manager</Filter>
    </ClInclude>
    <ClInclude Include="Source\System\TimeManager.h">
      <Filter>ソース ファイル\System\Manager</Filter>
    </ClInclude>
    <ClInclude Include="Source\System\ResourceManager.h">
      <Filter>ソース ファイル\System\Manager</Filter>
    </ClInclude>
    <ClInclude Include="Source\Common\Constants\BaseConstants.h">
      <Filter>ソース ファイル\Common\Constants</Filter>
    </ClInclude>
    <ClInclude Include="Source\Common\Constants\SceneConstants.h">
      <Filter>ソース ファイル\Common\Constants</Filter>
    </ClInclude>
    <ClInclude Include="Source\Common\BaseClass\ObjectBase.h">
      <Filter>ソース ファイル\Common\BaseClass</Filter>
    </ClInclude>
    <ClInclude Include="Source\System\SceneManager.h">
      <Filter>ソース ファイル\System\Manager</Filter>
    </ClInclude>
    <ClInclude Include="Source\Common\BaseClass\SystemBase.h">
      <Filter>ソース ファイル\Common\BaseClass</Filter>
    </ClInclude>
    <ClInclude Include="Source\Common\ECS\SparseSet.h">
      <Filter>ソース ファイル\Common\ECS</Filter>
    </ClInclude>
    <ClInclude Include="Source\Common\BaseClass\StorageBase.h">
      <Filter>ソース ファイル\Common\BaseClass</Filter>
    </ClInclude>
    <ClInclude Include="Source\Common\BaseClass\ComponentBase.h">
      <Filter>ソース ファイル\Common\BaseClass</Filter>
    </ClInclude>
    <ClInclude Include="Source\Common\Interface\IWorld.h">
      <Filter>ソース ファイル\Common\Interface</Filter>
    </ClInclude>
    <ClInclude Include="Source\Common\BaseClass\SceneBase\SceneBase.h">
      <Filter>ソース ファイル\Common\BaseClass\SceneBase</Filter>
    </ClInclude>
    <ClInclude Include="Source\System\ServiceLocator.h">
      <Filter>ソース ファイル\System\Manager</Filter>
    </ClInclude>
    <ClInclude Include="Source\Common\Math\MDMath.h">
      <Filter>ソース ファイル\Common\Math</Filter>
    </ClInclude>
    <ClInclude Include="Source\Common\Math\Vector\SIMD\SIMDVector.h">
      <Filter>ソース ファイル\Common\Math\Vector\SIMD</Filter>
    </ClInclude>
    <ClInclude Include="Source\Common\Math\Vector\SIMD\SIMDVectorMath.h">
      <Filter>ソース ファイル\Common\Math\Vector\SIMD</Filter>
    </ClInclude>
    <ClInclude Include="Source\Common\Math\Vector\Vector2\Vector2.h">
      <Filter>ソース ファイル\Common\Math\Vector\Vector2</Filter>
    </ClInclude>
    <ClInclude Include="Source\Common\Math\Vector\Vector2\Vector2Int.h">
      <Filter>ソース ファイル\Common\Math\Vector\Vector2</Filter>
    </ClInclude>
    <ClInclude Include="Source\Common\Math\Vector\Vector3\Vector3.h">
      <Filter>ソース ファイル\Common\Math\Vector\Vector3</Filter>
    </ClInclude>
    <ClInclude Include="Source\Common\Math\Vector\Vector3\Vector3Int.h">
      <Filter>ソース ファイル\Common\Math\Vector\Vector3</Filter>
    </ClInclude>
    <ClInclude Include="Source\Common\Math\Matrix\MatGenerateFunc.h">
      <Filter>ソース ファイル\Common\Math\Matrix</Filter>
    </ClInclude>
    <ClInclude Include="Source\Common\Math\Matrix\Matrix.h">
      <Filter>ソース ファイル\Common\Math\Matrix</Filter>
    </ClInclude>
    <ClInclude Include="Source\Common\Math\Quaternion\Quaternion.h">
      <Filter>ソース ファイル\Common\Math\Quaternion</Filter>
    </ClInclude>
    <ClInclude Include="Source\Common\Math\Transform\Transform.h">
      <Filter>ソース ファイル\Common\Math\Transform</Filter>
    </ClInclude>
    <ClInclude Include="Source\System\ComponentStorage\RendererComponentStorage.h">
      <Filter>ソース ファイル\System\ComponentStorage</Filter>
    </ClInclude>
    <ClInclude Include="Source\System\Components\RendererComponent.h">
      <Filter>ソース ファイル\System\Components</Filter>
    </ClInclude>
    <ClInclude Include="Source\System\Components\TransformComponent.h">
      <Filter>ソース ファイル\System\Components</Filter>
    </ClInclude>
    <ClInclude Include="Source\System\ComponentStorage\TransformComponentStorage.h">
      <Filter>ソース ファイル\System\ComponentStorage</Filter>
    </ClInclude>
    <ClInclude Include="Source\Common\Interface\IRenderer.h">
      <Filter>ソース ファイル\Common\Interface</Filter>
    </ClInclude>
    <ClInclude Include="Source\System\Adapter\Dxlib\DxlibRenderer.h">
      <Filter>ソース ファイル\System\Adapter\Dxlib</Filter>
    </ClInclude>
    <ClInclude Include="Source\Common\Interface\IInput.h">
      <Filter>ソース ファイル\Common\Interface</Filter>
    </ClInclude>
    <ClInclude Include="Source\System\Adapter\Dxlib\DxlibInput.h">
      <Filter>ソース ファイル\System\Adapter\Dxlib</Filter>
    </ClInclude>
    <ClInclude Include="Source\System\Adapter\Dxlib\DxlibConvert.h">
      <Filter>ソース ファイル\System\Adapter\Dxlib</Filter>
    </ClInclude>
    <ClInclude Include="Source\System\Adapter\Dxlib\DxlibSystem.h">
      <Filter>ソース ファイル\System\Adapter\Dxlib</Filter>
    </ClInclude>
    <ClInclude Include="Source\Common\Interface\ISystem.h">
      <Filter>ソース ファイル\Common\Interface</Filter>
    </ClInclude>
    <ClInclude Include="Source\System\Adapter\Dxlib\DxlibConstants.h">
      <Filter>ソース ファイル\System\Adapter\Dxlib</Filter>
    </ClInclude>
    <ClInclude Include="Source\Common\Constants\KeyConstants.h">
      <Filter>ソース ファイル\Common\Constants</Filter>
    </ClInclude>
    <ClInclude Include="Source\Objects\Camera.h">
      <Filter>ソース ファイル\Objects</Filter>
    </ClInclude>
    <ClInclude Include="Source\System\VFX\System\SimulatePipeline.h">
      <Filter>ソース ファイル\System\VFX\System</Filter>
    </ClInclude>
    <ClInclude Include="Source\System\VFX\Instance\VFXInstance.h">
      <Filter>ソース ファイル\System\VFX\Instance</Filter>
    </ClInclude>
    <ClInclude Include="Source\System\VFX\Storage\VFXInstanceStorage.h">
      <Filter>ソース ファイル\System\VFX\Storage</Filter>
    </ClInclude>
    <ClInclude Include="Source\Common\Constants\VFXConstants.h">
      <Filter>ソース ファイル\Common\Constants</Filter>
    </ClInclude>
    <ClInclude Include="Source\System\VFX\Storage\Buffer\IAttributeBuffer.h">
      <Filter>ソース ファイル\System\VFX\Storage\Buffer</Filter>
    </ClInclude>
    <ClInclude Include="Source\System\VFX\Storage\Allocator\Allocation.h">
      <Filter>ソース ファイル\System\VFX\Storage\Allocator</Filter>
    </ClInclude>
    <ClInclude Include="Source\System\VFX\Storage\Allocator\Allocator.h">
      <Filter>ソース ファイル\System\VFX\Storage\Allocator</Filter>
    </ClInclude>
    <ClInclude Include="Source\System\VFX\Storage\Allocator\LinearAllocator.h">
      <Filter>ソース ファイル\System\VFX\Storage\Allocator</Filter>
    </ClInclude>
    <ClInclude Include="Source\System\VFX\Storage\Buffer\AttributeBuffer.h">
      <Filter>ソース ファイル\System\VFX\Storage\Buffer</Filter>
    </ClInclude>
    <ClInclude Include="Source\System\VFX\Storage\Buffer\GPUBuffer.h">
      <Filter>ソース ファイル\System\VFX\Storage\Buffer</Filter>
    </ClInclude>
    <ClInclude Include="Source\Common\ECS\SparseSetStorageBase.h">
      <Filter>ソース ファイル\Common\ECS</Filter>
    </ClInclude>
    <ClInclude Include="Source\System\Components\VFXComponent.h">
      <Filter>ソース ファイル\System\Components</Filter>
    </ClInclude>
    <ClInclude Include="Source\System\VFX\Instance\Emitter\Emitter.h">
      <Filter>ソース ファイル\System\VFX\Instance\Emitter</Filter>
    </ClInclude>
    <ClInclude Include="Source\System\VFX\Instance\Module\Module.h">
      <Filter>ソース ファイル\System\VFX\Instance\Module</Filter>
    </ClInclude>
    <ClInclude Include="Source\System\VFX\System\BufferManager.h">
      <Filter>ソース ファイル\System\VFX\System</Filter>
    </ClInclude>
    <ClInclude Include="Source\System\VFX\System\AttributeLayout.h">
      <Filter>ソース ファイル\System\VFX\System</Filter>
    </ClInclude>
    <ClInclude Include="Source\System\ComponentStorage\VFXComponentStorage.h">
      <Filter>ソース ファイル\System\ComponentStorage</Filter>
    </ClInclude>
    <ClInclude Include="Source\System\VFX\Instance\Module\TestModule.h">
      <Filter>ソース ファイル\System\VFX\Instance\Module</Filter>
    </ClInclude>
    <ClInclude Include="Source\System\VFX\Asset\VFXAsset.h">
      <Filter>ソース ファイル\System\VFX\Asset</Filter>
    </ClInclude>
    <ClInclude Include="Source\System\VFX\VFXWorld.h">
      <Filter>ソース ファイル\System\VFX</Filter>
    </ClInclude>
    <ClInclude Include="Source\Common\BaseClass\RenderingSystem.h">
      <Filter>ソース ファイル\Common\BaseClass</Filter>
    </ClInclude>
    <ClInclude Include="Source\Common\BaseClass\UpdateSystem.h">
      <Filter>ソース ファイル\Common\BaseClass</Filter>
    </ClInclude>
    <ClInclude Include="Source\Common\ECS\ComponentStorageBase.h">
      <Filter>ソース ファイル\Common\BaseClass</Filter>
    </ClInclude>
    <ClInclude Include="Source\System\ComponentSystem\ModelRenderingSystem.h">
      <Filter>ソース ファイル\System\ComponentSystem</Filter>
    </ClInclude>
    <ClInclude Include="Source\System\Scenes\DebugScene.h">
      <Filter>ソース ファイル\System\Manager\Scenes</Filter>
    </ClInclude>
    <ClInclude Include="Source\System\VFX\System\RenderingPipeline.h">
      <Filter>ソース ファイル\System\VFX\System</Filter>
    </ClInclude>
  </ItemGroup>
</Project>